
Microsoft Visual Studio Solution File, Format Version 12.00
# Visual Studio 15
VisualStudioVersion = 15.0.27004.2002
MinimumVisualStudioVersion = 10.0.40219.1
Project("{FAE04EC0-301F-11D3-BF4B-00C04F79EFBC}") = "Course Project", "Course Project\Course Project.csproj", "{361E1E31-4329-42F5-96CF-E8BD63D2984F}"
EndProject
Project("{FAE04EC0-301F-11D3-BF4B-00C04F79EFBC}") = "UTCourseProject", "UTCourseProject\UTCourseProject.csproj", "{6520C1CF-6CFD-4525-BBF5-0CF1D9E4284A}"
EndProject
Project("{FAE04EC0-301F-11D3-BF4B-00C04F79EFBC}") = "Library", "Library\Library.csproj", "{A91778FA-3632-4C0D-A7B5-6DECC397EB82}"
EndProject
Global
	GlobalSection(SolutionConfigurationPlatforms) = preSolution
		Debug|Any CPU = Debug|Any CPU
		Release|Any CPU = Release|Any CPU
	EndGlobalSection
	GlobalSection(ProjectConfigurationPlatforms) = postSolution
		{361E1E31-4329-42F5-96CF-E8BD63D2984F}.Debug|Any CPU.ActiveCfg = Debug|Any CPU
		{361E1E31-4329-42F5-96CF-E8BD63D2984F}.Debug|Any CPU.Build.0 = Debug|Any CPU
		{361E1E31-4329-42F5-96CF-E8BD63D2984F}.Release|Any CPU.ActiveCfg = Release|Any CPU
		{361E1E31-4329-42F5-96CF-E8BD63D2984F}.Release|Any CPU.Build.0 = Release|Any CPU
		{6520C1CF-6CFD-4525-BBF5-0CF1D9E4284A}.Debug|Any CPU.ActiveCfg = Debug|Any CPU
		{6520C1CF-6CFD-4525-BBF5-0CF1D9E4284A}.Debug|Any CPU.Build.0 = Debug|Any CPU
		{6520C1CF-6CFD-4525-BBF5-0CF1D9E4284A}.Release|Any CPU.ActiveCfg = Release|Any CPU
		{6520C1CF-6CFD-4525-BBF5-0CF1D9E4284A}.Release|Any CPU.Build.0 = Release|Any CPU
		{A91778FA-3632-4C0D-A7B5-6DECC397EB82}.Debug|Any CPU.ActiveCfg = Debug|Any CPU
		{A91778FA-3632-4C0D-A7B5-6DECC397EB82}.Debug|Any CPU.Build.0 = Debug|Any CPU
		{A91778FA-3632-4C0D-A7B5-6DECC397EB82}.Release|Any CPU.ActiveCfg = Release|Any CPU
		{A91778FA-3632-4C0D-A7B5-6DECC397EB82}.Release|Any CPU.Build.0 = Release|Any CPU
	EndGlobalSection
	GlobalSection(SolutionProperties) = preSolution
		HideSolutionNode = FALSE
	EndGlobalSection
	GlobalSection(ExtensibilityGlobals) = postSolution
		SolutionGuid = {8401CD15-242A-45CF-9C1F-C0347C85F34B}
	EndGlobalSection
EndGlobal
